
Microsoft Visual Studio Solution File, Format Version 12.00
# Visual Studio Version 16
VisualStudioVersion = 16.0.33927.289
MinimumVisualStudioVersion = 10.0.40219.1
Project("{FAE04EC0-301F-11D3-BF4B-00C04F79EFBC}") = "ConsoleApp1", "ConsoleApp1.csproj", "{C28D7233-B5AF-4B6F-9E31-85C358609DD8}"
EndProject
Global
	GlobalSection(SolutionConfigurationPlatforms) = preSolution
		Debug|Any CPU = Debug|Any CPU
		Release|Any CPU = Release|Any CPU
	EndGlobalSection
	GlobalSection(ProjectConfigurationPlatforms) = postSolution
		{C28D7233-B5AF-4B6F-9E31-85C358609DD8}.Debug|Any CPU.ActiveCfg = Debug|Any CPU
		{C28D7233-B5AF-4B6F-9E31-85C358609DD8}.Debug|Any CPU.Build.0 = Debug|Any CPU
		{C28D7233-B5AF-4B6F-9E31-85C358609DD8}.Release|Any CPU.ActiveCfg = Release|Any CPU
		{C28D7233-B5AF-4B6F-9E31-85C358609DD8}.Release|Any CPU.Build.0 = Release|Any CPU
	EndGlobalSection
	GlobalSection(SolutionProperties) = preSolution
		HideSolutionNode = FALSE
	EndGlobalSection
	GlobalSection(ExtensibilityGlobals) = postSolution
		SolutionGuid = {A88CCDC4-D2B9-4A51-845B-944D5AFF7A68}
	EndGlobalSection
EndGlobal
