
Microsoft Visual Studio Solution File, Format Version 12.00
# Visual Studio Version 16
VisualStudioVersion = 16.0.33927.289
MinimumVisualStudioVersion = 10.0.40219.1
Project("{FAE04EC0-301F-11D3-BF4B-00C04F79EFBC}") = "Proxy", "Proxy\Proxy.csproj", "{04A904BF-7949-4C66-A53A-9C802569F165}"
EndProject
Global
	GlobalSection(SolutionConfigurationPlatforms) = preSolution
		Debug|Any CPU = Debug|Any CPU
		Release|Any CPU = Release|Any CPU
	EndGlobalSection
	GlobalSection(ProjectConfigurationPlatforms) = postSolution
		{04A904BF-7949-4C66-A53A-9C802569F165}.Debug|Any CPU.ActiveCfg = Debug|Any CPU
		{04A904BF-7949-4C66-A53A-9C802569F165}.Debug|Any CPU.Build.0 = Debug|Any CPU
		{04A904BF-7949-4C66-A53A-9C802569F165}.Release|Any CPU.ActiveCfg = Release|Any CPU
		{04A904BF-7949-4C66-A53A-9C802569F165}.Release|Any CPU.Build.0 = Release|Any CPU
	EndGlobalSection
	GlobalSection(SolutionProperties) = preSolution
		HideSolutionNode = FALSE
	EndGlobalSection
	GlobalSection(ExtensibilityGlobals) = postSolution
		SolutionGuid = {9E15C0AD-AF25-4DBC-956B-6950991F5A8E}
	EndGlobalSection
EndGlobal
